
Microsoft Visual Studio Solution File, Format Version 12.00
# Visual Studio Version 17
VisualStudioVersion = 17.8.34525.116
MinimumVisualStudioVersion = 10.0.40219.1
Project("{9A19103F-16F7-4668-BE54-9A1E7A4F7556}") = "OmniDownloader", "OmniDownloader.csproj", "{8EADB4BC-0432-499A-8EB8-13788C816D03}"
EndProject
Global
	GlobalSection(SolutionConfigurationPlatforms) = preSolution
		Debug|Any CPU = Debug|Any CPU
		Release|Any CPU = Release|Any CPU
	EndGlobalSection
	GlobalSection(ProjectConfigurationPlatforms) = postSolution
		{8EADB4BC-0432-499A-8EB8-13788C816D03}.Debug|Any CPU.ActiveCfg = Debug|Any CPU
		{8EADB4BC-0432-499A-8EB8-13788C816D03}.Debug|Any CPU.Build.0 = Debug|Any CPU
		{8EADB4BC-0432-499A-8EB8-13788C816D03}.Release|Any CPU.ActiveCfg = Release|Any CPU
		{8EADB4BC-0432-499A-8EB8-13788C816D03}.Release|Any CPU.Build.0 = Release|Any CPU
	EndGlobalSection
	GlobalSection(SolutionProperties) = preSolution
		HideSolutionNode = FALSE
	EndGlobalSection
	GlobalSection(ExtensibilityGlobals) = postSolution
		SolutionGuid = {D66CC22F-4106-46B6-9436-4F6DC28452A4}
	EndGlobalSection
EndGlobal
